// !$*UTF8*$!
{
	archiveVersion = 1;
	classes = {
	};
	objectVersion = 50;
	objects = {

/* Begin PBXBuildFile section */
		984B146425B7796F001E8A51 /* AppDelegate.swift in Sources */ = {isa = PBXBuildFile; fileRef = 984B146325B7796F001E8A51 /* AppDelegate.swift */; };
		984B146625B7796F001E8A51 /* SceneDelegate.swift in Sources */ = {isa = PBXBuildFile; fileRef = 984B146525B7796F001E8A51 /* SceneDelegate.swift */; };
		984B146825B7796F001E8A51 /* ViewController.swift in Sources */ = {isa = PBXBuildFile; fileRef = 984B146725B7796F001E8A51 /* ViewController.swift */; };
		984B146B25B7796F001E8A51 /* Main.storyboard in Resources */ = {isa = PBXBuildFile; fileRef = 984B146925B7796F001E8A51 /* Main.storyboard */; };
		984B146D25B77972001E8A51 /* Assets.xcassets in Resources */ = {isa = PBXBuildFile; fileRef = 984B146C25B77972001E8A51 /* Assets.xcassets */; };
		984B147025B77972001E8A51 /* LaunchScreen.storyboard in Resources */ = {isa = PBXBuildFile; fileRef = 984B146E25B77972001E8A51 /* LaunchScreen.storyboard */; };
		EAD98950AEA582671ABF4768 /* Pods_BottomBoardCreation.framework in Frameworks */ = {isa = PBXBuildFile; fileRef = AE5C124E1FB69F4C0CFAD89D /* Pods_BottomBoardCreation.framework */; };
/* End PBXBuildFile section */

/* Begin PBXFileReference section */
		585E998A37341FA424EA72B1 /* Pods-BottomBoardCreation.release.xcconfig */ = {isa = PBXFileReference; includeInIndex = 1; lastKnownFileType = text.xcconfig; name = "Pods-BottomBoardCreation.release.xcconfig"; path = "Target Support Files/Pods-BottomBoardCreation/Pods-BottomBoardCreation.release.xcconfig"; sourceTree = "<group>"; };
		76F184967DD943E2F15166A7 /* Pods-BottomBoardCreation.debug.xcconfig */ = {isa = PBXFileReference; includeInIndex = 1; lastKnownFileType = text.xcconfig; name = "Pods-BottomBoardCreation.debug.xcconfig"; path = "Target Support Files/Pods-BottomBoardCreation/Pods-BottomBoardCreation.debug.xcconfig"; sourceTree = "<group>"; };
		984B146025B7796F001E8A51 /* BottomBoardCreation.app */ = {isa = PBXFileReference; explicitFileType = wrapper.application; includeInIndex = 0; path = BottomBoardCreation.app; sourceTree = BUILT_PRODUCTS_DIR; };
		984B146325B7796F001E8A51 /* AppDelegate.swift */ = {isa = PBXFileReference; lastKnownFileType = sourcecode.swift; path = AppDelegate.swift; sourceTree = "<group>"; };
		984B146525B7796F001E8A51 /* SceneDelegate.swift */ = {isa = PBXFileReference; lastKnownFileType = sourcecode.swift; path = SceneDelegate.swift; sourceTree = "<group>"; };
		984B146725B7796F001E8A51 /* ViewController.swift */ = {isa = PBXFileReference; lastKnownFileType = sourcecode.swift; path = ViewController.swift; sourceTree = "<group>"; };
		984B146A25B7796F001E8A51 /* Base */ = {isa = PBXFileReference; lastKnownFileType = file.storyboard; name = Base; path = Base.lproj/Main.storyboard; sourceTree = "<group>"; };
		984B146C25B77972001E8A51 /* Assets.xcassets */ = {isa = PBXFileReference; lastKnownFileType = folder.assetcatalog; path = Assets.xcassets; sourceTree = "<group>"; };
		984B146F25B77972001E8A51 /* Base */ = {isa = PBXFileReference; lastKnownFileType = file.storyboard; name = Base; path = Base.lproj/LaunchScreen.storyboard; sourceTree = "<group>"; };
		984B147125B77972001E8A51 /* Info.plist */ = {isa = PBXFileReference; lastKnownFileType = text.plist.xml; path = Info.plist; sourceTree = "<group>"; };
		AE5C124E1FB69F4C0CFAD89D /* Pods_BottomBoardCreation.framework */ = {isa = PBXFileReference; explicitFileType = wrapper.framework; includeInIndex = 0; path = Pods_BottomBoardCreation.framework; sourceTree = BUILT_PRODUCTS_DIR; };
/* End PBXFileReference section */

/* Begin PBXFrameworksBuildPhase section */
		984B145D25B7796F001E8A51 /* Frameworks */ = {
			isa = PBXFrameworksBuildPhase;
			buildActionMask = 2147483647;
			files = (
				EAD98950AEA582671ABF4768 /* Pods_BottomBoardCreation.framework in Frameworks */,
			);
			runOnlyForDeploymentPostprocessing = 0;
		};
/* End PBXFrameworksBuildPhase section */

/* Begin PBXGroup section */
		984B145725B7796F001E8A51 = {
			isa = PBXGroup;
			children = (
				984B146225B7796F001E8A51 /* BottomBoardCreation */,
				984B146125B7796F001E8A51 /* Products */,
				EDD7F8CA3B4CF6FF137749F4 /* Pods */,
				AF0E51CFFE1D640359A8870F /* Frameworks */,
			);
			sourceTree = "<group>";
		};
		984B146125B7796F001E8A51 /* Products */ = {
			isa = PBXGroup;
			children = (
				984B146025B7796F001E8A51 /* BottomBoardCreation.app */,
			);
			name = Products;
			sourceTree = "<group>";
		};
		984B146225B7796F001E8A51 /* BottomBoardCreation */ = {
			isa = PBXGroup;
			children = (
				984B146325B7796F001E8A51 /* AppDelegate.swift */,
				984B146525B7796F001E8A51 /* SceneDelegate.swift */,
				984B146725B7796F001E8A51 /* ViewController.swift */,
				984B146925B7796F001E8A51 /* Main.storyboard */,
				984B146C25B77972001E8A51 /* Assets.xcassets */,
				984B146E25B77972001E8A51 /* LaunchScreen.storyboard */,
				984B147125B77972001E8A51 /* Info.plist */,
			);
			path = BottomBoardCreation;
			sourceTree = "<group>";
		};
		AF0E51CFFE1D640359A8870F /* Frameworks */ = {
			isa = PBXGroup;
			children = (
				AE5C124E1FB69F4C0CFAD89D /* Pods_BottomBoardCreation.framework */,
			);
			name = Frameworks;
			sourceTree = "<group>";
		};
		EDD7F8CA3B4CF6FF137749F4 /* Pods */ = {
			isa = PBXGroup;
			children = (
				76F184967DD943E2F15166A7 /* Pods-BottomBoardCreation.debug.xcconfig */,
				585E998A37341FA424EA72B1 /* Pods-BottomBoardCreation.release.xcconfig */,
			);
			name = Pods;
			path = Pods;
			sourceTree = "<group>";
		};
/* End PBXGroup section */

/* Begin PBXNativeTarget section */
		984B145F25B7796F001E8A51 /* BottomBoardCreation */ = {
			isa = PBXNativeTarget;
			buildConfigurationList = 984B147425B77972001E8A51 /* Build configuration list for PBXNativeTarget "BottomBoardCreation" */;
			buildPhases = (
				8D0CB7FBE48B2DD39A916254 /* [CP] Check Pods Manifest.lock */,
				984B145C25B7796F001E8A51 /* Sources */,
				984B145D25B7796F001E8A51 /* Frameworks */,
				984B145E25B7796F001E8A51 /* Resources */,
				6F5E720D5AA799327149B926 /* [CP] Embed Pods Frameworks */,
			);
			buildRules = (
			);
			dependencies = (
			);
			name = BottomBoardCreation;
			productName = BottomBoardCreation;
			productReference = 984B146025B7796F001E8A51 /* BottomBoardCreation.app */;
			productType = "com.apple.product-type.application";
		};
/* End PBXNativeTarget section */

/* Begin PBXProject section */
		984B145825B7796F001E8A51 /* Project object */ = {
			isa = PBXProject;
			attributes = {
				LastSwiftUpdateCheck = 1220;
				LastUpgradeCheck = 1220;
				TargetAttributes = {
					984B145F25B7796F001E8A51 = {
						CreatedOnToolsVersion = 12.2;
					};
				};
			};
			buildConfigurationList = 984B145B25B7796F001E8A51 /* Build configuration list for PBXProject "BottomBoardCreation" */;
			compatibilityVersion = "Xcode 9.3";
			developmentRegion = en;
			hasScannedForEncodings = 0;
			knownRegions = (
				en,
				Base,
			);
			mainGroup = 984B145725B7796F001E8A51;
			productRefGroup = 984B146125B7796F001E8A51 /* Products */;
			projectDirPath = "";
			projectRoot = "";
			targets = (
				984B145F25B7796F001E8A51 /* BottomBoardCreation */,
			);
		};
/* End PBXProject section */

/* Begin PBXResourcesBuildPhase section */
		984B145E25B7796F001E8A51 /* Resources */ = {
			isa = PBXResourcesBuildPhase;
			buildActionMask = 2147483647;
			files = (
				984B147025B77972001E8A51 /* LaunchScreen.storyboard in Resources */,
				984B146D25B77972001E8A51 /* Assets.xcassets in Resources */,
				984B146B25B7796F001E8A51 /* Main.storyboard in Resources */,
			);
			runOnlyForDeploymentPostprocessing = 0;
		};
/* End PBXResourcesBuildPhase section */

/* Begin PBXShellScriptBuildPhase section */
		6F5E720D5AA799327149B926 /* [CP] Embed Pods Frameworks */ = {
			isa = PBXShellScriptBuildPhase;
			buildActionMask = 2147483647;
			files = (
			);
			inputFileListPaths = (
				"${PODS_ROOT}/Target Support Files/Pods-BottomBoardCreation/Pods-BottomBoardCreation-frameworks-${CONFIGURATION}-input-files.xcfilelist",
			);
			name = "[CP] Embed Pods Frameworks";
			outputFileListPaths = (
				"${PODS_ROOT}/Target Support Files/Pods-BottomBoardCreation/Pods-BottomBoardCreation-frameworks-${CONFIGURATION}-output-files.xcfilelist",
			);
			runOnlyForDeploymentPostprocessing = 0;
			shellPath = /bin/sh;
			shellScript = "\"${PODS_ROOT}/Target Support Files/Pods-BottomBoardCreation/Pods-BottomBoardCreation-frameworks.sh\"\n";
			showEnvVarsInLog = 0;
		};
		8D0CB7FBE48B2DD39A916254 /* [CP] Check Pods Manifest.lock */ = {
			isa = PBXShellScriptBuildPhase;
			buildActionMask = 2147483647;
			files = (
			);
			inputFileListPaths = (
			);
			inputPaths = (
				"${PODS_PODFILE_DIR_PATH}/Podfile.lock",
				"${PODS_ROOT}/Manifest.lock",
			);
			name = "[CP] Check Pods Manifest.lock";
			outputFileListPaths = (
			);
			outputPaths = (
				"$(DERIVED_FILE_DIR)/Pods-BottomBoardCreation-checkManifestLockResult.txt",
			);
			runOnlyForDeploymentPostprocessing = 0;
			shellPath = /bin/sh;
			shellScript = "diff \"${PODS_PODFILE_DIR_PATH}/Podfile.lock\" \"${PODS_ROOT}/Manifest.lock\" > /dev/null\nif [ $? != 0 ] ; then\n    # print error to STDERR\n    echo \"error: The sandbox is not in sync with the Podfile.lock. Run 'pod install' or update your CocoaPods installation.\" >&2\n    exit 1\nfi\n# This output is used by Xcode 'outputs' to avoid re-running this script phase.\necho \"SUCCESS\" > \"${SCRIPT_OUTPUT_FILE_0}\"\n";
			showEnvVarsInLog = 0;
		};
/* End PBXShellScriptBuildPhase section */

/* Begin PBXSourcesBuildPhase section */
		984B145C25B7796F001E8A51 /* Sources */ = {
			isa = PBXSourcesBuildPhase;
			buildActionMask = 2147483647;
			files = (
				984B146825B7796F001E8A51 /* ViewController.swift in Sources */,
				984B146425B7796F001E8A51 /* AppDelegate.swift in Sources */,
				984B146625B7796F001E8A51 /* SceneDelegate.swift in Sources */,
			);
			runOnlyForDeploymentPostprocessing = 0;
		};
/* End PBXSourcesBuildPhase section */

/* Begin PBXVariantGroup section */
		984B146925B7796F001E8A51 /* Main.storyboard */ = {
			isa = PBXVariantGroup;
			children = (
				984B146A25B7796F001E8A51 /* Base */,
			);
			name = Main.storyboard;
			sourceTree = "<group>";
		};
		984B146E25B77972001E8A51 /* LaunchScreen.storyboard */ = {
			isa = PBXVariantGroup;
			children = (
				984B146F25B77972001E8A51 /* Base */,
			);
			name = LaunchScreen.storyboard;
			sourceTree = "<group>";
		};
/* End PBXVariantGroup section */

/* Begin XCBuildConfiguration section */
		984B147225B77972001E8A51 /* Debug */ = {
			isa = XCBuildConfiguration;
			buildSettings = {
				ALWAYS_SEARCH_USER_PATHS = NO;
				CLANG_ANALYZER_NONNULL = YES;
				CLANG_ANALYZER_NUMBER_OBJECT_CONVERSION = YES_AGGRESSIVE;
				CLANG_CXX_LANGUAGE_STANDARD = "gnu++14";
				CLANG_CXX_LIBRARY = "libc++";
				CLANG_ENABLE_MODULES = YES;
				CLANG_ENABLE_OBJC_ARC = YES;
				CLANG_ENABLE_OBJC_WEAK = YES;
				CLANG_WARN_BLOCK_CAPTURE_AUTORELEASING = YES;
				CLANG_WARN_BOOL_CONVERSION = YES;
				CLANG_WARN_COMMA = YES;
				CLANG_WARN_CONSTANT_CONVERSION = YES;
				CLANG_WARN_DEPRECATED_OBJC_IMPLEMENTATIONS = YES;
				CLANG_WARN_DIRECT_OBJC_ISA_USAGE = YES_ERROR;
				CLANG_WARN_DOCUMENTATION_COMMENTS = YES;
				CLANG_WARN_EMPTY_BODY = YES;
				CLANG_WARN_ENUM_CONVERSION = YES;
				CLANG_WARN_INFINITE_RECURSION = YES;
				CLANG_WARN_INT_CONVERSION = YES;
				CLANG_WARN_NON_LITERAL_NULL_CONVERSION = YES;
				CLANG_WARN_OBJC_IMPLICIT_RETAIN_SELF = YES;
				CLANG_WARN_OBJC_LITERAL_CONVERSION = YES;
				CLANG_WARN_OBJC_ROOT_CLASS = YES_ERROR;
				CLANG_WARN_QUOTED_INCLUDE_IN_FRAMEWORK_HEADER = YES;
				CLANG_WARN_RANGE_LOOP_ANALYSIS = YES;
				CLANG_WARN_STRICT_PROTOTYPES = YES;
				CLANG_WARN_SUSPICIOUS_MOVE = YES;
				CLANG_WARN_UNGUARDED_AVAILABILITY = YES_AGGRESSIVE;
				CLANG_WARN_UNREACHABLE_CODE = YES;
				CLANG_WARN__DUPLICATE_METHOD_MATCH = YES;
				COPY_PHASE_STRIP = NO;
				DEBUG_INFORMATION_FORMAT = dwarf;
				ENABLE_STRICT_OBJC_MSGSEND = YES;
				ENABLE_TESTABILITY = YES;
				GCC_C_LANGUAGE_STANDARD = gnu11;
				GCC_DYNAMIC_NO_PIC = NO;
				GCC_NO_COMMON_BLOCKS = YES;
				GCC_OPTIMIZATION_LEVEL = 0;
				GCC_PREPROCESSOR_DEFINITIONS = (
					"DEBUG=1",
					"$(inherited)",
				);
				GCC_WARN_64_TO_32_BIT_CONVERSION = YES;
				GCC_WARN_ABOUT_RETURN_TYPE = YES_ERROR;
				GCC_WARN_UNDECLARED_SELECTOR = YES;
				GCC_WARN_UNINITIALIZED_AUTOS = YES_AGGRESSIVE;
				GCC_WARN_UNUSED_FUNCTION = YES;
				GCC_WARN_UNUSED_VARIABLE = YES;
				IPHONEOS_DEPLOYMENT_TARGET = 14.2;
				MTL_ENABLE_DEBUG_INFO = INCLUDE_SOURCE;
				MTL_FAST_MATH = YES;
				ONLY_ACTIVE_ARCH = YES;
				SDKROOT = iphoneos;
				SWIFT_ACTIVE_COMPILATION_CONDITIONS = DEBUG;
				SWIFT_OPTIMIZATION_LEVEL = "-Onone";
			};
			name = Debug;
		};
		984B147325B77972001E8A51 /* Release */ = {
			isa = XCBuildConfiguration;
			buildSettings = {
				ALWAYS_SEARCH_USER_PATHS = NO;
				CLANG_ANALYZER_NONNULL = YES;
				CLANG_ANALYZER_NUMBER_OBJECT_CONVERSION = YES_AGGRESSIVE;
				CLANG_CXX_LANGUAGE_STANDARD = "gnu++14";
				CLANG_CXX_LIBRARY = "libc++";
				CLANG_ENABLE_MODULES = YES;
				CLANG_ENABLE_OBJC_ARC = YES;
				CLANG_ENABLE_OBJC_WEAK = YES;
				CLANG_WARN_BLOCK_CAPTURE_AUTORELEASING = YES;
				CLANG_WARN_BOOL_CONVERSION = YES;
				CLANG_WARN_COMMA = YES;
				CLANG_WARN_CONSTANT_CONVERSION = YES;
				CLANG_WARN_DEPRECATED_OBJC_IMPLEMENTATIONS = YES;
				CLANG_WARN_DIRECT_OBJC_ISA_USAGE = YES_ERROR;
				CLANG_WARN_DOCUMENTATION_COMMENTS = YES;
				CLANG_WARN_EMPTY_BODY = YES;
				CLANG_WARN_ENUM_CONVERSION = YES;
				CLANG_WARN_INFINITE_RECURSION = YES;
				CLANG_WARN_INT_CONVERSION = YES;
				CLANG_WARN_NON_LITERAL_NULL_CONVERSION = YES;
				CLANG_WARN_OBJC_IMPLICIT_RETAIN_SELF = YES;
				CLANG_WARN_OBJC_LITERAL_CONVERSION = YES;
				CLANG_WARN_OBJC_ROOT_CLASS = YES_ERROR;
				CLANG_WARN_QUOTED_INCLUDE_IN_FRAMEWORK_HEADER = YES;
				CLANG_WARN_RANGE_LOOP_ANALYSIS = YES;
				CLANG_WARN_STRICT_PROTOTYPES = YES;
				CLANG_WARN_SUSPICIOUS_MOVE = YES;
				CLANG_WARN_UNGUARDED_AVAILABILITY = YES_AGGRESSIVE;
				CLANG_WARN_UNREACHABLE_CODE = YES;
				CLANG_WARN__DUPLICATE_METHOD_MATCH = YES;
				COPY_PHASE_STRIP = NO;
				DEBUG_INFORMATION_FORMAT = "dwarf-with-dsym";
				ENABLE_NS_ASSERTIONS = NO;
				ENABLE_STRICT_OBJC_MSGSEND = YES;
				GCC_C_LANGUAGE_STANDARD = gnu11;
				GCC_NO_COMMON_BLOCKS = YES;
				GCC_WARN_64_TO_32_BIT_CONVERSION = YES;
				GCC_WARN_ABOUT_RETURN_TYPE = YES_ERROR;
				GCC_WARN_UNDECLARED_SELECTOR = YES;
				GCC_WARN_UNINITIALIZED_AUTOS = YES_AGGRESSIVE;
				GCC_WARN_UNUSED_FUNCTION = YES;
				GCC_WARN_UNUSED_VARIABLE = YES;
				IPHONEOS_DEPLOYMENT_TARGET = 14.2;
				MTL_ENABLE_DEBUG_INFO = NO;
				MTL_FAST_MATH = YES;
				SDKROOT = iphoneos;
				SWIFT_COMPILATION_MODE = wholemodule;
				SWIFT_OPTIMIZATION_LEVEL = "-O";
				VALIDATE_PRODUCT = YES;
			};
			name = Release;
		};
		984B147525B77972001E8A51 /* Debug */ = {
			isa = XCBuildConfiguration;
			baseConfigurationReference = 76F184967DD943E2F15166A7 /* Pods-BottomBoardCreation.debug.xcconfig */;
			buildSettings = {
				ASSETCATALOG_COMPILER_APPICON_NAME = AppIcon;
				ASSETCATALOG_COMPILER_GLOBAL_ACCENT_COLOR_NAME = AccentColor;
				CODE_SIGN_STYLE = Automatic;
				DEVELOPMENT_TEAM = XG9UCHUCSL;
				INFOPLIST_FILE = BottomBoardCreation/Info.plist;
				LD_RUNPATH_SEARCH_PATHS = (
					"$(inherited)",
					"@executable_path/Frameworks",
				);
				PRODUCT_BUNDLE_IDENTIFIER = com.aeg.qed.BottomBoardCreation;
				PRODUCT_NAME = "$(TARGET_NAME)";
				SWIFT_VERSION = 5.0;
				TARGETED_DEVICE_FAMILY = "1,2";
			};
			name = Debug;
		};
		984B147625B77972001E8A51 /* Release */ = {
			isa = XCBuildConfiguration;
			baseConfigurationReference = 585E998A37341FA424EA72B1 /* Pods-BottomBoardCreation.release.xcconfig */;
			buildSettings = {
				ASSETCATALOG_COMPILER_APPICON_NAME = AppIcon;
				ASSETCATALOG_COMPILER_GLOBAL_ACCENT_COLOR_NAME = AccentColor;
				CODE_SIGN_STYLE = Automatic;
				DEVELOPMENT_TEAM = XG9UCHUCSL;
				INFOPLIST_FILE = BottomBoardCreation/Info.plist;
				LD_RUNPATH_SEARCH_PATHS = (
					"$(inherited)",
					"@executable_path/Frameworks",
				);
				PRODUCT_BUNDLE_IDENTIFIER = com.aeg.qed.BottomBoardCreation;
				PRODUCT_NAME = "$(TARGET_NAME)";
				SWIFT_VERSION = 5.0;
				TARGETED_DEVICE_FAMILY = "1,2";
			};
			name = Release;
		};
/* End XCBuildConfiguration section */

/* Begin XCConfigurationList section */
		984B145B25B7796F001E8A51 /* Build configuration list for PBXProject "BottomBoardCreation" */ = {
			isa = XCConfigurationList;
			buildConfigurations = (
				984B147225B77972001E8A51 /* Debug */,
				984B147325B77972001E8A51 /* Release */,
			);
			defaultConfigurationIsVisible = 0;
			defaultConfigurationName = Release;
		};
		984B147425B77972001E8A51 /* Build configuration list for PBXNativeTarget "BottomBoardCreation" */ = {
			isa = XCConfigurationList;
			buildConfigurations = (
				984B147525B77972001E8A51 /* Debug */,
				984B147625B77972001E8A51 /* Release */,
			);
			defaultConfigurationIsVisible = 0;
			defaultConfigurationName = Release;
		};
/* End XCConfigurationList section */
	};
	rootObject = 984B145825B7796F001E8A51 /* Project object */;
}
